
Microsoft Visual Studio Solution File, Format Version 12.00
# Visual Studio 15
VisualStudioVersion = 15.0.27703.2035
MinimumVisualStudioVersion = 10.0.40219.1
Project("{FAE04EC0-301F-11D3-BF4B-00C04F79EFBC}") = "PixelEngine", "PixelEngine\PixelEngine.csproj", "{A93C282E-2854-490D-B50B-34BAAF030642}"
EndProject
Project("{8BC9CEB8-8B4A-11D0-8D11-00A0C91BC942}") = "PixGL", "PixGL\PixGL.vcxproj", "{9E74BA3F-68D4-4578-AA4A-E750A97A7DC9}"
EndProject
Global
	GlobalSection(SolutionConfigurationPlatforms) = preSolution
		Debug|Any CPU = Debug|Any CPU
		Debug|x64 = Debug|x64
		Debug|x86 = Debug|x86
		Release|Any CPU = Release|Any CPU
		Release|x64 = Release|x64
		Release|x86 = Release|x86
	EndGlobalSection
	GlobalSection(ProjectConfigurationPlatforms) = postSolution
		{A93C282E-2854-490D-B50B-34BAAF030642}.Debug|Any CPU.ActiveCfg = Debug|Any CPU
		{A93C282E-2854-490D-B50B-34BAAF030642}.Debug|Any CPU.Build.0 = Debug|Any CPU
		{A93C282E-2854-490D-B50B-34BAAF030642}.Debug|x64.ActiveCfg = Debug|Any CPU
		{A93C282E-2854-490D-B50B-34BAAF030642}.Debug|x64.Build.0 = Debug|Any CPU
		{A93C282E-2854-490D-B50B-34BAAF030642}.Debug|x86.ActiveCfg = Debug|Any CPU
		{A93C282E-2854-490D-B50B-34BAAF030642}.Debug|x86.Build.0 = Debug|Any CPU
		{A93C282E-2854-490D-B50B-34BAAF030642}.Release|Any CPU.ActiveCfg = Release|Any CPU
		{A93C282E-2854-490D-B50B-34BAAF030642}.Release|Any CPU.Build.0 = Release|Any CPU
		{A93C282E-2854-490D-B50B-34BAAF030642}.Release|x64.ActiveCfg = Release|Any CPU
		{A93C282E-2854-490D-B50B-34BAAF030642}.Release|x64.Build.0 = Release|Any CPU
		{A93C282E-2854-490D-B50B-34BAAF030642}.Release|x86.ActiveCfg = Release|Any CPU
		{A93C282E-2854-490D-B50B-34BAAF030642}.Release|x86.Build.0 = Release|Any CPU
		{9E74BA3F-68D4-4578-AA4A-E750A97A7DC9}.Debug|Any CPU.ActiveCfg = Debug|Win32
		{9E74BA3F-68D4-4578-AA4A-E750A97A7DC9}.Debug|Any CPU.Build.0 = Debug|Win32
		{9E74BA3F-68D4-4578-AA4A-E750A97A7DC9}.Debug|x64.ActiveCfg = Debug|x64
		{9E74BA3F-68D4-4578-AA4A-E750A97A7DC9}.Debug|x64.Build.0 = Debug|x64
		{9E74BA3F-68D4-4578-AA4A-E750A97A7DC9}.Debug|x86.ActiveCfg = Debug|Win32
		{9E74BA3F-68D4-4578-AA4A-E750A97A7DC9}.Debug|x86.Build.0 = Debug|Win32
		{9E74BA3F-68D4-4578-AA4A-E750A97A7DC9}.Release|Any CPU.ActiveCfg = Release|Win32
		{9E74BA3F-68D4-4578-AA4A-E750A97A7DC9}.Release|Any CPU.Build.0 = Release|Win32
		{9E74BA3F-68D4-4578-AA4A-E750A97A7DC9}.Release|x64.ActiveCfg = Release|x64
		{9E74BA3F-68D4-4578-AA4A-E750A97A7DC9}.Release|x64.Build.0 = Release|x64
		{9E74BA3F-68D4-4578-AA4A-E750A97A7DC9}.Release|x86.ActiveCfg = Release|Win32
		{9E74BA3F-68D4-4578-AA4A-E750A97A7DC9}.Release|x86.Build.0 = Release|Win32
	EndGlobalSection
	GlobalSection(SolutionProperties) = preSolution
		HideSolutionNode = FALSE
	EndGlobalSection
	GlobalSection(ExtensibilityGlobals) = postSolution
		SolutionGuid = {901BC0E6-113C-41CD-8A90-45B89A91BD5A}
	EndGlobalSection
	GlobalSection(Performance) = preSolution
		HasPerformanceSessions = true
	EndGlobalSection
EndGlobal
